
Microsoft Visual Studio Solution File, Format Version 12.00
# Visual Studio 15
VisualStudioVersion = 15.0.27130.2036
MinimumVisualStudioVersion = 10.0.40219.1
Project("{FAE04EC0-301F-11D3-BF4B-00C04F79EFBC}") = "SecurityInAMobile.Android", "SecurityInAMobile\SecurityInAMobile.Android\SecurityInAMobile.Android.csproj", "{E9DBA392-133B-4FFE-BFC4-83683CA6F3C6}"
EndProject
Project("{FAE04EC0-301F-11D3-BF4B-00C04F79EFBC}") = "SecurityInAMobile.iOS", "SecurityInAMobile\SecurityInAMobile.iOS\SecurityInAMobile.iOS.csproj", "{94A0F6EB-6260-4F88-AB52-D8F0DCD9128F}"
EndProject
Project("{FAE04EC0-301F-11D3-BF4B-00C04F79EFBC}") = "SecurityInAMobile.UWP", "SecurityInAMobile\SecurityInAMobile.UWP\SecurityInAMobile.UWP.csproj", "{6609C821-DB76-40A7-9C94-E960695162E7}"
EndProject
Project("{D954291E-2A0B-460D-934E-DC6B0785DB48}") = "SecurityInAMobile", "SecurityInAMobile\SecurityInAMobile\SecurityInAMobile.shproj", "{FDB45E74-F0CE-49F9-AEFE-07BB85F0896A}"
EndProject
Global
	GlobalSection(SharedMSBuildProjectFiles) = preSolution
		SecurityInAMobile\SecurityInAMobile\SecurityInAMobile.projitems*{6609c821-db76-40a7-9c94-e960695162e7}*SharedItemsImports = 4
		SecurityInAMobile\SecurityInAMobile\SecurityInAMobile.projitems*{94a0f6eb-6260-4f88-ab52-d8f0dcd9128f}*SharedItemsImports = 4
		SecurityInAMobile\SecurityInAMobile\SecurityInAMobile.projitems*{e9dba392-133b-4ffe-bfc4-83683ca6f3c6}*SharedItemsImports = 4
		SecurityInAMobile\SecurityInAMobile\SecurityInAMobile.projitems*{fdb45e74-f0ce-49f9-aefe-07bb85f0896a}*SharedItemsImports = 13
	EndGlobalSection
	GlobalSection(SolutionConfigurationPlatforms) = preSolution
		Ad-Hoc|Any CPU = Ad-Hoc|Any CPU
		Ad-Hoc|ARM = Ad-Hoc|ARM
		Ad-Hoc|iPhone = Ad-Hoc|iPhone
		Ad-Hoc|iPhoneSimulator = Ad-Hoc|iPhoneSimulator
		Ad-Hoc|x64 = Ad-Hoc|x64
		Ad-Hoc|x86 = Ad-Hoc|x86
		AppStore|Any CPU = AppStore|Any CPU
		AppStore|ARM = AppStore|ARM
		AppStore|iPhone = AppStore|iPhone
		AppStore|iPhoneSimulator = AppStore|iPhoneSimulator
		AppStore|x64 = AppStore|x64
		AppStore|x86 = AppStore|x86
		Debug|Any CPU = Debug|Any CPU
		Debug|ARM = Debug|ARM
		Debug|iPhone = Debug|iPhone
		Debug|iPhoneSimulator = Debug|iPhoneSimulator
		Debug|x64 = Debug|x64
		Debug|x86 = Debug|x86
		Release|Any CPU = Release|Any CPU
		Release|ARM = Release|ARM
		Release|iPhone = Release|iPhone
		Release|iPhoneSimulator = Release|iPhoneSimulator
		Release|x64 = Release|x64
		Release|x86 = Release|x86
	EndGlobalSection
	GlobalSection(ProjectConfigurationPlatforms) = postSolution
		{E9DBA392-133B-4FFE-BFC4-83683CA6F3C6}.Ad-Hoc|Any CPU.ActiveCfg = Release|Any CPU
		{E9DBA392-133B-4FFE-BFC4-83683CA6F3C6}.Ad-Hoc|Any CPU.Build.0 = Release|Any CPU
		{E9DBA392-133B-4FFE-BFC4-83683CA6F3C6}.Ad-Hoc|Any CPU.Deploy.0 = Release|Any CPU
		{E9DBA392-133B-4FFE-BFC4-83683CA6F3C6}.Ad-Hoc|ARM.ActiveCfg = Release|Any CPU
		{E9DBA392-133B-4FFE-BFC4-83683CA6F3C6}.Ad-Hoc|ARM.Build.0 = Release|Any CPU
		{E9DBA392-133B-4FFE-BFC4-83683CA6F3C6}.Ad-Hoc|ARM.Deploy.0 = Release|Any CPU
		{E9DBA392-133B-4FFE-BFC4-83683CA6F3C6}.Ad-Hoc|iPhone.ActiveCfg = Release|Any CPU
		{E9DBA392-133B-4FFE-BFC4-83683CA6F3C6}.Ad-Hoc|iPhone.Build.0 = Release|Any CPU
		{E9DBA392-133B-4FFE-BFC4-83683CA6F3C6}.Ad-Hoc|iPhone.Deploy.0 = Release|Any CPU
		{E9DBA392-133B-4FFE-BFC4-83683CA6F3C6}.Ad-Hoc|iPhoneSimulator.ActiveCfg = Release|Any CPU
		{E9DBA392-133B-4FFE-BFC4-83683CA6F3C6}.Ad-Hoc|iPhoneSimulator.Build.0 = Release|Any CPU
		{E9DBA392-133B-4FFE-BFC4-83683CA6F3C6}.Ad-Hoc|iPhoneSimulator.Deploy.0 = Release|Any CPU
		{E9DBA392-133B-4FFE-BFC4-83683CA6F3C6}.Ad-Hoc|x64.ActiveCfg = Release|Any CPU
		{E9DBA392-133B-4FFE-BFC4-83683CA6F3C6}.Ad-Hoc|x64.Build.0 = Release|Any CPU
		{E9DBA392-133B-4FFE-BFC4-83683CA6F3C6}.Ad-Hoc|x64.Deploy.0 = Release|Any CPU
		{E9DBA392-133B-4FFE-BFC4-83683CA6F3C6}.Ad-Hoc|x86.ActiveCfg = Release|Any CPU
		{E9DBA392-133B-4FFE-BFC4-83683CA6F3C6}.Ad-Hoc|x86.Build.0 = Release|Any CPU
		{E9DBA392-133B-4FFE-BFC4-83683CA6F3C6}.Ad-Hoc|x86.Deploy.0 = Release|Any CPU
		{E9DBA392-133B-4FFE-BFC4-83683CA6F3C6}.AppStore|Any CPU.ActiveCfg = Release|Any CPU
		{E9DBA392-133B-4FFE-BFC4-83683CA6F3C6}.AppStore|Any CPU.Build.0 = Release|Any CPU
		{E9DBA392-133B-4FFE-BFC4-83683CA6F3C6}.AppStore|Any CPU.Deploy.0 = Release|Any CPU
		{E9DBA392-133B-4FFE-BFC4-83683CA6F3C6}.AppStore|ARM.ActiveCfg = Release|Any CPU
		{E9DBA392-133B-4FFE-BFC4-83683CA6F3C6}.AppStore|ARM.Build.0 = Release|Any CPU
		{E9DBA392-133B-4FFE-BFC4-83683CA6F3C6}.AppStore|ARM.Deploy.0 = Release|Any CPU
		{E9DBA392-133B-4FFE-BFC4-83683CA6F3C6}.AppStore|iPhone.ActiveCfg = Release|Any CPU
		{E9DBA392-133B-4FFE-BFC4-83683CA6F3C6}.AppStore|iPhone.Build.0 = Release|Any CPU
		{E9DBA392-133B-4FFE-BFC4-83683CA6F3C6}.AppStore|iPhone.Deploy.0 = Release|Any CPU
		{E9DBA392-133B-4FFE-BFC4-83683CA6F3C6}.AppStore|iPhoneSimulator.ActiveCfg = Release|Any CPU
		{E9DBA392-133B-4FFE-BFC4-83683CA6F3C6}.AppStore|iPhoneSimulator.Build.0 = Release|Any CPU
		{E9DBA392-133B-4FFE-BFC4-83683CA6F3C6}.AppStore|iPhoneSimulator.Deploy.0 = Release|Any CPU
		{E9DBA392-133B-4FFE-BFC4-83683CA6F3C6}.AppStore|x64.ActiveCfg = Release|Any CPU
		{E9DBA392-133B-4FFE-BFC4-83683CA6F3C6}.AppStore|x64.Build.0 = Release|Any CPU
		{E9DBA392-133B-4FFE-BFC4-83683CA6F3C6}.AppStore|x64.Deploy.0 = Release|Any CPU
		{E9DBA392-133B-4FFE-BFC4-83683CA6F3C6}.AppStore|x86.ActiveCfg = Release|Any CPU
		{E9DBA392-133B-4FFE-BFC4-83683CA6F3C6}.AppStore|x86.Build.0 = Release|Any CPU
		{E9DBA392-133B-4FFE-BFC4-83683CA6F3C6}.AppStore|x86.Deploy.0 = Release|Any CPU
		{E9DBA392-133B-4FFE-BFC4-83683CA6F3C6}.Debug|Any CPU.ActiveCfg = Debug|Any CPU
		{E9DBA392-133B-4FFE-BFC4-83683CA6F3C6}.Debug|Any CPU.Build.0 = Debug|Any CPU
		{E9DBA392-133B-4FFE-BFC4-83683CA6F3C6}.Debug|Any CPU.Deploy.0 = Debug|Any CPU
		{E9DBA392-133B-4FFE-BFC4-83683CA6F3C6}.Debug|ARM.ActiveCfg = Debug|Any CPU
		{E9DBA392-133B-4FFE-BFC4-83683CA6F3C6}.Debug|ARM.Build.0 = Debug|Any CPU
		{E9DBA392-133B-4FFE-BFC4-83683CA6F3C6}.Debug|ARM.Deploy.0 = Debug|Any CPU
		{E9DBA392-133B-4FFE-BFC4-83683CA6F3C6}.Debug|iPhone.ActiveCfg = Debug|Any CPU
		{E9DBA392-133B-4FFE-BFC4-83683CA6F3C6}.Debug|iPhone.Build.0 = Debug|Any CPU
		{E9DBA392-133B-4FFE-BFC4-83683CA6F3C6}.Debug|iPhone.Deploy.0 = Debug|Any CPU
		{E9DBA392-133B-4FFE-BFC4-83683CA6F3C6}.Debug|iPhoneSimulator.ActiveCfg = Debug|Any CPU
		{E9DBA392-133B-4FFE-BFC4-83683CA6F3C6}.Debug|iPhoneSimulator.Build.0 = Debug|Any CPU
		{E9DBA392-133B-4FFE-BFC4-83683CA6F3C6}.Debug|iPhoneSimulator.Deploy.0 = Debug|Any CPU
		{E9DBA392-133B-4FFE-BFC4-83683CA6F3C6}.Debug|x64.ActiveCfg = Debug|Any CPU
		{E9DBA392-133B-4FFE-BFC4-83683CA6F3C6}.Debug|x64.Build.0 = Debug|Any CPU
		{E9DBA392-133B-4FFE-BFC4-83683CA6F3C6}.Debug|x64.Deploy.0 = Debug|Any CPU
		{E9DBA392-133B-4FFE-BFC4-83683CA6F3C6}.Debug|x86.ActiveCfg = Debug|Any CPU
		{E9DBA392-133B-4FFE-BFC4-83683CA6F3C6}.Debug|x86.Build.0 = Debug|Any CPU
		{E9DBA392-133B-4FFE-BFC4-83683CA6F3C6}.Debug|x86.Deploy.0 = Debug|Any CPU
		{E9DBA392-133B-4FFE-BFC4-83683CA6F3C6}.Release|Any CPU.ActiveCfg = Release|Any CPU
		{E9DBA392-133B-4FFE-BFC4-83683CA6F3C6}.Release|Any CPU.Build.0 = Release|Any CPU
		{E9DBA392-133B-4FFE-BFC4-83683CA6F3C6}.Release|Any CPU.Deploy.0 = Release|Any CPU
		{E9DBA392-133B-4FFE-BFC4-83683CA6F3C6}.Release|ARM.ActiveCfg = Release|Any CPU
		{E9DBA392-133B-4FFE-BFC4-83683CA6F3C6}.Release|ARM.Build.0 = Release|Any CPU
		{E9DBA392-133B-4FFE-BFC4-83683CA6F3C6}.Release|ARM.Deploy.0 = Release|Any CPU
		{E9DBA392-133B-4FFE-BFC4-83683CA6F3C6}.Release|iPhone.ActiveCfg = Release|Any CPU
		{E9DBA392-133B-4FFE-BFC4-83683CA6F3C6}.Release|iPhone.Build.0 = Release|Any CPU
		{E9DBA392-133B-4FFE-BFC4-83683CA6F3C6}.Release|iPhone.Deploy.0 = Release|Any CPU
		{E9DBA392-133B-4FFE-BFC4-83683CA6F3C6}.Release|iPhoneSimulator.ActiveCfg = Release|Any CPU
		{E9DBA392-133B-4FFE-BFC4-83683CA6F3C6}.Release|iPhoneSimulator.Build.0 = Release|Any CPU
		{E9DBA392-133B-4FFE-BFC4-83683CA6F3C6}.Release|iPhoneSimulator.Deploy.0 = Release|Any CPU
		{E9DBA392-133B-4FFE-BFC4-83683CA6F3C6}.Release|x64.ActiveCfg = Release|Any CPU
		{E9DBA392-133B-4FFE-BFC4-83683CA6F3C6}.Release|x64.Build.0 = Release|Any CPU
		{E9DBA392-133B-4FFE-BFC4-83683CA6F3C6}.Release|x64.Deploy.0 = Release|Any CPU
		{E9DBA392-133B-4FFE-BFC4-83683CA6F3C6}.Release|x86.ActiveCfg = Release|Any CPU
		{E9DBA392-133B-4FFE-BFC4-83683CA6F3C6}.Release|x86.Build.0 = Release|Any CPU
		{E9DBA392-133B-4FFE-BFC4-83683CA6F3C6}.Release|x86.Deploy.0 = Release|Any CPU
		{94A0F6EB-6260-4F88-AB52-D8F0DCD9128F}.Ad-Hoc|Any CPU.ActiveCfg = Ad-Hoc|iPhone
		{94A0F6EB-6260-4F88-AB52-D8F0DCD9128F}.Ad-Hoc|ARM.ActiveCfg = Ad-Hoc|iPhone
		{94A0F6EB-6260-4F88-AB52-D8F0DCD9128F}.Ad-Hoc|iPhone.ActiveCfg = Ad-Hoc|iPhone
		{94A0F6EB-6260-4F88-AB52-D8F0DCD9128F}.Ad-Hoc|iPhone.Build.0 = Ad-Hoc|iPhone
		{94A0F6EB-6260-4F88-AB52-D8F0DCD9128F}.Ad-Hoc|iPhoneSimulator.ActiveCfg = Ad-Hoc|iPhoneSimulator
		{94A0F6EB-6260-4F88-AB52-D8F0DCD9128F}.Ad-Hoc|iPhoneSimulator.Build.0 = Ad-Hoc|iPhoneSimulator
		{94A0F6EB-6260-4F88-AB52-D8F0DCD9128F}.Ad-Hoc|x64.ActiveCfg = Ad-Hoc|iPhone
		{94A0F6EB-6260-4F88-AB52-D8F0DCD9128F}.Ad-Hoc|x86.ActiveCfg = Ad-Hoc|iPhone
		{94A0F6EB-6260-4F88-AB52-D8F0DCD9128F}.AppStore|Any CPU.ActiveCfg = AppStore|iPhone
		{94A0F6EB-6260-4F88-AB52-D8F0DCD9128F}.AppStore|ARM.ActiveCfg = AppStore|iPhone
		{94A0F6EB-6260-4F88-AB52-D8F0DCD9128F}.AppStore|iPhone.ActiveCfg = AppStore|iPhone
		{94A0F6EB-6260-4F88-AB52-D8F0DCD9128F}.AppStore|iPhone.Build.0 = AppStore|iPhone
		{94A0F6EB-6260-4F88-AB52-D8F0DCD9128F}.AppStore|iPhoneSimulator.ActiveCfg = AppStore|iPhoneSimulator
		{94A0F6EB-6260-4F88-AB52-D8F0DCD9128F}.AppStore|iPhoneSimulator.Build.0 = AppStore|iPhoneSimulator
		{94A0F6EB-6260-4F88-AB52-D8F0DCD9128F}.AppStore|x64.ActiveCfg = AppStore|iPhone
		{94A0F6EB-6260-4F88-AB52-D8F0DCD9128F}.AppStore|x86.ActiveCfg = AppStore|iPhone
		{94A0F6EB-6260-4F88-AB52-D8F0DCD9128F}.Debug|Any CPU.ActiveCfg = Debug|iPhone
		{94A0F6EB-6260-4F88-AB52-D8F0DCD9128F}.Debug|ARM.ActiveCfg = Debug|iPhone
		{94A0F6EB-6260-4F88-AB52-D8F0DCD9128F}.Debug|iPhone.ActiveCfg = Debug|iPhone
		{94A0F6EB-6260-4F88-AB52-D8F0DCD9128F}.Debug|iPhone.Build.0 = Debug|iPhone
		{94A0F6EB-6260-4F88-AB52-D8F0DCD9128F}.Debug|iPhoneSimulator.ActiveCfg = Debug|iPhoneSimulator
		{94A0F6EB-6260-4F88-AB52-D8F0DCD9128F}.Debug|iPhoneSimulator.Build.0 = Debug|iPhoneSimulator
		{94A0F6EB-6260-4F88-AB52-D8F0DCD9128F}.Debug|x64.ActiveCfg = Debug|iPhone
		{94A0F6EB-6260-4F88-AB52-D8F0DCD9128F}.Debug|x86.ActiveCfg = Debug|iPhone
		{94A0F6EB-6260-4F88-AB52-D8F0DCD9128F}.Release|Any CPU.ActiveCfg = Release|iPhone
		{94A0F6EB-6260-4F88-AB52-D8F0DCD9128F}.Release|ARM.ActiveCfg = Release|iPhone
		{94A0F6EB-6260-4F88-AB52-D8F0DCD9128F}.Release|iPhone.ActiveCfg = Release|iPhone
		{94A0F6EB-6260-4F88-AB52-D8F0DCD9128F}.Release|iPhone.Build.0 = Release|iPhone
		{94A0F6EB-6260-4F88-AB52-D8F0DCD9128F}.Release|iPhoneSimulator.ActiveCfg = Release|iPhoneSimulator
		{94A0F6EB-6260-4F88-AB52-D8F0DCD9128F}.Release|iPhoneSimulator.Build.0 = Release|iPhoneSimulator
		{94A0F6EB-6260-4F88-AB52-D8F0DCD9128F}.Release|x64.ActiveCfg = Release|iPhone
		{94A0F6EB-6260-4F88-AB52-D8F0DCD9128F}.Release|x86.ActiveCfg = Release|iPhone
		{6609C821-DB76-40A7-9C94-E960695162E7}.Ad-Hoc|Any CPU.ActiveCfg = Release|x86
		{6609C821-DB76-40A7-9C94-E960695162E7}.Ad-Hoc|Any CPU.Build.0 = Release|x86
		{6609C821-DB76-40A7-9C94-E960695162E7}.Ad-Hoc|Any CPU.Deploy.0 = Release|x86
		{6609C821-DB76-40A7-9C94-E960695162E7}.Ad-Hoc|ARM.ActiveCfg = Release|ARM
		{6609C821-DB76-40A7-9C94-E960695162E7}.Ad-Hoc|ARM.Build.0 = Release|ARM
		{6609C821-DB76-40A7-9C94-E960695162E7}.Ad-Hoc|ARM.Deploy.0 = Release|ARM
		{6609C821-DB76-40A7-9C94-E960695162E7}.Ad-Hoc|iPhone.ActiveCfg = Release|x86
		{6609C821-DB76-40A7-9C94-E960695162E7}.Ad-Hoc|iPhone.Build.0 = Release|x86
		{6609C821-DB76-40A7-9C94-E960695162E7}.Ad-Hoc|iPhone.Deploy.0 = Release|x86
		{6609C821-DB76-40A7-9C94-E960695162E7}.Ad-Hoc|iPhoneSimulator.ActiveCfg = Release|x86
		{6609C821-DB76-40A7-9C94-E960695162E7}.Ad-Hoc|iPhoneSimulator.Build.0 = Release|x86
		{6609C821-DB76-40A7-9C94-E960695162E7}.Ad-Hoc|iPhoneSimulator.Deploy.0 = Release|x86
		{6609C821-DB76-40A7-9C94-E960695162E7}.Ad-Hoc|x64.ActiveCfg = Release|x64
		{6609C821-DB76-40A7-9C94-E960695162E7}.Ad-Hoc|x64.Build.0 = Release|x64
		{6609C821-DB76-40A7-9C94-E960695162E7}.Ad-Hoc|x64.Deploy.0 = Release|x64
		{6609C821-DB76-40A7-9C94-E960695162E7}.Ad-Hoc|x86.ActiveCfg = Release|x86
		{6609C821-DB76-40A7-9C94-E960695162E7}.Ad-Hoc|x86.Build.0 = Release|x86
		{6609C821-DB76-40A7-9C94-E960695162E7}.Ad-Hoc|x86.Deploy.0 = Release|x86
		{6609C821-DB76-40A7-9C94-E960695162E7}.AppStore|Any CPU.ActiveCfg = Release|x86
		{6609C821-DB76-40A7-9C94-E960695162E7}.AppStore|Any CPU.Build.0 = Release|x86
		{6609C821-DB76-40A7-9C94-E960695162E7}.AppStore|Any CPU.Deploy.0 = Release|x86
		{6609C821-DB76-40A7-9C94-E960695162E7}.AppStore|ARM.ActiveCfg = Release|ARM
		{6609C821-DB76-40A7-9C94-E960695162E7}.AppStore|ARM.Build.0 = Release|ARM
		{6609C821-DB76-40A7-9C94-E960695162E7}.AppStore|ARM.Deploy.0 = Release|ARM
		{6609C821-DB76-40A7-9C94-E960695162E7}.AppStore|iPhone.ActiveCfg = Release|x86
		{6609C821-DB76-40A7-9C94-E960695162E7}.AppStore|iPhone.Build.0 = Release|x86
		{6609C821-DB76-40A7-9C94-E960695162E7}.AppStore|iPhone.Deploy.0 = Release|x86
		{6609C821-DB76-40A7-9C94-E960695162E7}.AppStore|iPhoneSimulator.ActiveCfg = Release|x86
		{6609C821-DB76-40A7-9C94-E960695162E7}.AppStore|iPhoneSimulator.Build.0 = Release|x86
		{6609C821-DB76-40A7-9C94-E960695162E7}.AppStore|iPhoneSimulator.Deploy.0 = Release|x86
		{6609C821-DB76-40A7-9C94-E960695162E7}.AppStore|x64.ActiveCfg = Release|x64
		{6609C821-DB76-40A7-9C94-E960695162E7}.AppStore|x64.Build.0 = Release|x64
		{6609C821-DB76-40A7-9C94-E960695162E7}.AppStore|x64.Deploy.0 = Release|x64
		{6609C821-DB76-40A7-9C94-E960695162E7}.AppStore|x86.ActiveCfg = Release|x86
		{6609C821-DB76-40A7-9C94-E960695162E7}.AppStore|x86.Build.0 = Release|x86
		{6609C821-DB76-40A7-9C94-E960695162E7}.AppStore|x86.Deploy.0 = Release|x86
		{6609C821-DB76-40A7-9C94-E960695162E7}.Debug|Any CPU.ActiveCfg = Debug|x86
		{6609C821-DB76-40A7-9C94-E960695162E7}.Debug|ARM.ActiveCfg = Debug|ARM
		{6609C821-DB76-40A7-9C94-E960695162E7}.Debug|ARM.Build.0 = Debug|ARM
		{6609C821-DB76-40A7-9C94-E960695162E7}.Debug|ARM.Deploy.0 = Debug|ARM
		{6609C821-DB76-40A7-9C94-E960695162E7}.Debug|iPhone.ActiveCfg = Debug|x86
		{6609C821-DB76-40A7-9C94-E960695162E7}.Debug|iPhoneSimulator.ActiveCfg = Debug|x86
		{6609C821-DB76-40A7-9C94-E960695162E7}.Debug|x64.ActiveCfg = Debug|x64
		{6609C821-DB76-40A7-9C94-E960695162E7}.Debug|x64.Build.0 = Debug|x64
		{6609C821-DB76-40A7-9C94-E960695162E7}.Debug|x64.Deploy.0 = Debug|x64
		{6609C821-DB76-40A7-9C94-E960695162E7}.Debug|x86.ActiveCfg = Debug|x86
		{6609C821-DB76-40A7-9C94-E960695162E7}.Debug|x86.Build.0 = Debug|x86
		{6609C821-DB76-40A7-9C94-E960695162E7}.Debug|x86.Deploy.0 = Debug|x86
		{6609C821-DB76-40A7-9C94-E960695162E7}.Release|Any CPU.ActiveCfg = Release|x86
		{6609C821-DB76-40A7-9C94-E960695162E7}.Release|ARM.ActiveCfg = Release|ARM
		{6609C821-DB76-40A7-9C94-E960695162E7}.Release|ARM.Build.0 = Release|ARM
		{6609C821-DB76-40A7-9C94-E960695162E7}.Release|ARM.Deploy.0 = Release|ARM
		{6609C821-DB76-40A7-9C94-E960695162E7}.Release|iPhone.ActiveCfg = Release|x86
		{6609C821-DB76-40A7-9C94-E960695162E7}.Release|iPhoneSimulator.ActiveCfg = Release|x86
		{6609C821-DB76-40A7-9C94-E960695162E7}.Release|x64.ActiveCfg = Release|x64
		{6609C821-DB76-40A7-9C94-E960695162E7}.Release|x64.Build.0 = Release|x64
		{6609C821-DB76-40A7-9C94-E960695162E7}.Release|x64.Deploy.0 = Release|x64
		{6609C821-DB76-40A7-9C94-E960695162E7}.Release|x86.ActiveCfg = Release|x86
		{6609C821-DB76-40A7-9C94-E960695162E7}.Release|x86.Build.0 = Release|x86
		{6609C821-DB76-40A7-9C94-E960695162E7}.Release|x86.Deploy.0 = Release|x86
	EndGlobalSection
	GlobalSection(SolutionProperties) = preSolution
		HideSolutionNode = FALSE
	EndGlobalSection
	GlobalSection(ExtensibilityGlobals) = postSolution
		SolutionGuid = {087F6E9E-5649-4B06-A4E5-2B64E5323C3D}
	EndGlobalSection
EndGlobal
