
Microsoft Visual Studio Solution File, Format Version 12.00
# Visual Studio 15
VisualStudioVersion = 15.0.27428.2027
MinimumVisualStudioVersion = 10.0.40219.1
Project("{FAE04EC0-301F-11D3-BF4B-00C04F79EFBC}") = "Help.Android", "Help\Help.Android\Help.Android.csproj", "{1A31E31D-DFD8-4D78-98CE-668F06C30FEB}"
EndProject
Project("{FAE04EC0-301F-11D3-BF4B-00C04F79EFBC}") = "Help.iOS", "Help\Help.iOS\Help.iOS.csproj", "{A9C96736-DD09-41D2-B641-0EA7DB4E27CA}"
EndProject
Project("{FAE04EC0-301F-11D3-BF4B-00C04F79EFBC}") = "Help.UWP", "Help\Help.UWP\Help.UWP.csproj", "{5FAA12B1-DDFC-43D6-9623-B519D81D8FDF}"
EndProject
Project("{9A19103F-16F7-4668-BE54-9A1E7A4F7556}") = "Help", "Help\Help\Help.csproj", "{7712288A-05EE-42B3-A1C2-151898F6F1CF}"
EndProject
Global
	GlobalSection(SolutionConfigurationPlatforms) = preSolution
		Ad-Hoc|Any CPU = Ad-Hoc|Any CPU
		Ad-Hoc|ARM = Ad-Hoc|ARM
		Ad-Hoc|iPhone = Ad-Hoc|iPhone
		Ad-Hoc|iPhoneSimulator = Ad-Hoc|iPhoneSimulator
		Ad-Hoc|x64 = Ad-Hoc|x64
		Ad-Hoc|x86 = Ad-Hoc|x86
		AppStore|Any CPU = AppStore|Any CPU
		AppStore|ARM = AppStore|ARM
		AppStore|iPhone = AppStore|iPhone
		AppStore|iPhoneSimulator = AppStore|iPhoneSimulator
		AppStore|x64 = AppStore|x64
		AppStore|x86 = AppStore|x86
		Debug|Any CPU = Debug|Any CPU
		Debug|ARM = Debug|ARM
		Debug|iPhone = Debug|iPhone
		Debug|iPhoneSimulator = Debug|iPhoneSimulator
		Debug|x64 = Debug|x64
		Debug|x86 = Debug|x86
		Release|Any CPU = Release|Any CPU
		Release|ARM = Release|ARM
		Release|iPhone = Release|iPhone
		Release|iPhoneSimulator = Release|iPhoneSimulator
		Release|x64 = Release|x64
		Release|x86 = Release|x86
	EndGlobalSection
	GlobalSection(ProjectConfigurationPlatforms) = postSolution
		{1A31E31D-DFD8-4D78-98CE-668F06C30FEB}.Ad-Hoc|Any CPU.ActiveCfg = Release|Any CPU
		{1A31E31D-DFD8-4D78-98CE-668F06C30FEB}.Ad-Hoc|Any CPU.Build.0 = Release|Any CPU
		{1A31E31D-DFD8-4D78-98CE-668F06C30FEB}.Ad-Hoc|Any CPU.Deploy.0 = Release|Any CPU
		{1A31E31D-DFD8-4D78-98CE-668F06C30FEB}.Ad-Hoc|ARM.ActiveCfg = Release|Any CPU
		{1A31E31D-DFD8-4D78-98CE-668F06C30FEB}.Ad-Hoc|ARM.Build.0 = Release|Any CPU
		{1A31E31D-DFD8-4D78-98CE-668F06C30FEB}.Ad-Hoc|ARM.Deploy.0 = Release|Any CPU
		{1A31E31D-DFD8-4D78-98CE-668F06C30FEB}.Ad-Hoc|iPhone.ActiveCfg = Release|Any CPU
		{1A31E31D-DFD8-4D78-98CE-668F06C30FEB}.Ad-Hoc|iPhone.Build.0 = Release|Any CPU
		{1A31E31D-DFD8-4D78-98CE-668F06C30FEB}.Ad-Hoc|iPhone.Deploy.0 = Release|Any CPU
		{1A31E31D-DFD8-4D78-98CE-668F06C30FEB}.Ad-Hoc|iPhoneSimulator.ActiveCfg = Release|Any CPU
		{1A31E31D-DFD8-4D78-98CE-668F06C30FEB}.Ad-Hoc|iPhoneSimulator.Build.0 = Release|Any CPU
		{1A31E31D-DFD8-4D78-98CE-668F06C30FEB}.Ad-Hoc|iPhoneSimulator.Deploy.0 = Release|Any CPU
		{1A31E31D-DFD8-4D78-98CE-668F06C30FEB}.Ad-Hoc|x64.ActiveCfg = Release|Any CPU
		{1A31E31D-DFD8-4D78-98CE-668F06C30FEB}.Ad-Hoc|x64.Build.0 = Release|Any CPU
		{1A31E31D-DFD8-4D78-98CE-668F06C30FEB}.Ad-Hoc|x64.Deploy.0 = Release|Any CPU
		{1A31E31D-DFD8-4D78-98CE-668F06C30FEB}.Ad-Hoc|x86.ActiveCfg = Release|Any CPU
		{1A31E31D-DFD8-4D78-98CE-668F06C30FEB}.Ad-Hoc|x86.Build.0 = Release|Any CPU
		{1A31E31D-DFD8-4D78-98CE-668F06C30FEB}.Ad-Hoc|x86.Deploy.0 = Release|Any CPU
		{1A31E31D-DFD8-4D78-98CE-668F06C30FEB}.AppStore|Any CPU.ActiveCfg = Release|Any CPU
		{1A31E31D-DFD8-4D78-98CE-668F06C30FEB}.AppStore|Any CPU.Build.0 = Release|Any CPU
		{1A31E31D-DFD8-4D78-98CE-668F06C30FEB}.AppStore|Any CPU.Deploy.0 = Release|Any CPU
		{1A31E31D-DFD8-4D78-98CE-668F06C30FEB}.AppStore|ARM.ActiveCfg = Release|Any CPU
		{1A31E31D-DFD8-4D78-98CE-668F06C30FEB}.AppStore|ARM.Build.0 = Release|Any CPU
		{1A31E31D-DFD8-4D78-98CE-668F06C30FEB}.AppStore|ARM.Deploy.0 = Release|Any CPU
		{1A31E31D-DFD8-4D78-98CE-668F06C30FEB}.AppStore|iPhone.ActiveCfg = Release|Any CPU
		{1A31E31D-DFD8-4D78-98CE-668F06C30FEB}.AppStore|iPhone.Build.0 = Release|Any CPU
		{1A31E31D-DFD8-4D78-98CE-668F06C30FEB}.AppStore|iPhone.Deploy.0 = Release|Any CPU
		{1A31E31D-DFD8-4D78-98CE-668F06C30FEB}.AppStore|iPhoneSimulator.ActiveCfg = Release|Any CPU
		{1A31E31D-DFD8-4D78-98CE-668F06C30FEB}.AppStore|iPhoneSimulator.Build.0 = Release|Any CPU
		{1A31E31D-DFD8-4D78-98CE-668F06C30FEB}.AppStore|iPhoneSimulator.Deploy.0 = Release|Any CPU
		{1A31E31D-DFD8-4D78-98CE-668F06C30FEB}.AppStore|x64.ActiveCfg = Release|Any CPU
		{1A31E31D-DFD8-4D78-98CE-668F06C30FEB}.AppStore|x64.Build.0 = Release|Any CPU
		{1A31E31D-DFD8-4D78-98CE-668F06C30FEB}.AppStore|x64.Deploy.0 = Release|Any CPU
		{1A31E31D-DFD8-4D78-98CE-668F06C30FEB}.AppStore|x86.ActiveCfg = Release|Any CPU
		{1A31E31D-DFD8-4D78-98CE-668F06C30FEB}.AppStore|x86.Build.0 = Release|Any CPU
		{1A31E31D-DFD8-4D78-98CE-668F06C30FEB}.AppStore|x86.Deploy.0 = Release|Any CPU
		{1A31E31D-DFD8-4D78-98CE-668F06C30FEB}.Debug|Any CPU.ActiveCfg = Debug|Any CPU
		{1A31E31D-DFD8-4D78-98CE-668F06C30FEB}.Debug|Any CPU.Build.0 = Debug|Any CPU
		{1A31E31D-DFD8-4D78-98CE-668F06C30FEB}.Debug|Any CPU.Deploy.0 = Debug|Any CPU
		{1A31E31D-DFD8-4D78-98CE-668F06C30FEB}.Debug|ARM.ActiveCfg = Debug|Any CPU
		{1A31E31D-DFD8-4D78-98CE-668F06C30FEB}.Debug|ARM.Build.0 = Debug|Any CPU
		{1A31E31D-DFD8-4D78-98CE-668F06C30FEB}.Debug|ARM.Deploy.0 = Debug|Any CPU
		{1A31E31D-DFD8-4D78-98CE-668F06C30FEB}.Debug|iPhone.ActiveCfg = Debug|Any CPU
		{1A31E31D-DFD8-4D78-98CE-668F06C30FEB}.Debug|iPhone.Build.0 = Debug|Any CPU
		{1A31E31D-DFD8-4D78-98CE-668F06C30FEB}.Debug|iPhone.Deploy.0 = Debug|Any CPU
		{1A31E31D-DFD8-4D78-98CE-668F06C30FEB}.Debug|iPhoneSimulator.ActiveCfg = Debug|Any CPU
		{1A31E31D-DFD8-4D78-98CE-668F06C30FEB}.Debug|iPhoneSimulator.Build.0 = Debug|Any CPU
		{1A31E31D-DFD8-4D78-98CE-668F06C30FEB}.Debug|iPhoneSimulator.Deploy.0 = Debug|Any CPU
		{1A31E31D-DFD8-4D78-98CE-668F06C30FEB}.Debug|x64.ActiveCfg = Debug|Any CPU
		{1A31E31D-DFD8-4D78-98CE-668F06C30FEB}.Debug|x64.Build.0 = Debug|Any CPU
		{1A31E31D-DFD8-4D78-98CE-668F06C30FEB}.Debug|x64.Deploy.0 = Debug|Any CPU
		{1A31E31D-DFD8-4D78-98CE-668F06C30FEB}.Debug|x86.ActiveCfg = Debug|Any CPU
		{1A31E31D-DFD8-4D78-98CE-668F06C30FEB}.Debug|x86.Build.0 = Debug|Any CPU
		{1A31E31D-DFD8-4D78-98CE-668F06C30FEB}.Debug|x86.Deploy.0 = Debug|Any CPU
		{1A31E31D-DFD8-4D78-98CE-668F06C30FEB}.Release|Any CPU.ActiveCfg = Release|Any CPU
		{1A31E31D-DFD8-4D78-98CE-668F06C30FEB}.Release|Any CPU.Build.0 = Release|Any CPU
		{1A31E31D-DFD8-4D78-98CE-668F06C30FEB}.Release|Any CPU.Deploy.0 = Release|Any CPU
		{1A31E31D-DFD8-4D78-98CE-668F06C30FEB}.Release|ARM.ActiveCfg = Release|Any CPU
		{1A31E31D-DFD8-4D78-98CE-668F06C30FEB}.Release|ARM.Build.0 = Release|Any CPU
		{1A31E31D-DFD8-4D78-98CE-668F06C30FEB}.Release|ARM.Deploy.0 = Release|Any CPU
		{1A31E31D-DFD8-4D78-98CE-668F06C30FEB}.Release|iPhone.ActiveCfg = Release|Any CPU
		{1A31E31D-DFD8-4D78-98CE-668F06C30FEB}.Release|iPhone.Build.0 = Release|Any CPU
		{1A31E31D-DFD8-4D78-98CE-668F06C30FEB}.Release|iPhone.Deploy.0 = Release|Any CPU
		{1A31E31D-DFD8-4D78-98CE-668F06C30FEB}.Release|iPhoneSimulator.ActiveCfg = Release|Any CPU
		{1A31E31D-DFD8-4D78-98CE-668F06C30FEB}.Release|iPhoneSimulator.Build.0 = Release|Any CPU
		{1A31E31D-DFD8-4D78-98CE-668F06C30FEB}.Release|iPhoneSimulator.Deploy.0 = Release|Any CPU
		{1A31E31D-DFD8-4D78-98CE-668F06C30FEB}.Release|x64.ActiveCfg = Release|Any CPU
		{1A31E31D-DFD8-4D78-98CE-668F06C30FEB}.Release|x64.Build.0 = Release|Any CPU
		{1A31E31D-DFD8-4D78-98CE-668F06C30FEB}.Release|x64.Deploy.0 = Release|Any CPU
		{1A31E31D-DFD8-4D78-98CE-668F06C30FEB}.Release|x86.ActiveCfg = Release|Any CPU
		{1A31E31D-DFD8-4D78-98CE-668F06C30FEB}.Release|x86.Build.0 = Release|Any CPU
		{1A31E31D-DFD8-4D78-98CE-668F06C30FEB}.Release|x86.Deploy.0 = Release|Any CPU
		{A9C96736-DD09-41D2-B641-0EA7DB4E27CA}.Ad-Hoc|Any CPU.ActiveCfg = Ad-Hoc|iPhone
		{A9C96736-DD09-41D2-B641-0EA7DB4E27CA}.Ad-Hoc|ARM.ActiveCfg = Ad-Hoc|iPhone
		{A9C96736-DD09-41D2-B641-0EA7DB4E27CA}.Ad-Hoc|iPhone.ActiveCfg = Ad-Hoc|iPhone
		{A9C96736-DD09-41D2-B641-0EA7DB4E27CA}.Ad-Hoc|iPhone.Build.0 = Ad-Hoc|iPhone
		{A9C96736-DD09-41D2-B641-0EA7DB4E27CA}.Ad-Hoc|iPhoneSimulator.ActiveCfg = Ad-Hoc|iPhoneSimulator
		{A9C96736-DD09-41D2-B641-0EA7DB4E27CA}.Ad-Hoc|iPhoneSimulator.Build.0 = Ad-Hoc|iPhoneSimulator
		{A9C96736-DD09-41D2-B641-0EA7DB4E27CA}.Ad-Hoc|x64.ActiveCfg = Ad-Hoc|iPhone
		{A9C96736-DD09-41D2-B641-0EA7DB4E27CA}.Ad-Hoc|x86.ActiveCfg = Ad-Hoc|iPhone
		{A9C96736-DD09-41D2-B641-0EA7DB4E27CA}.AppStore|Any CPU.ActiveCfg = AppStore|iPhone
		{A9C96736-DD09-41D2-B641-0EA7DB4E27CA}.AppStore|ARM.ActiveCfg = AppStore|iPhone
		{A9C96736-DD09-41D2-B641-0EA7DB4E27CA}.AppStore|iPhone.ActiveCfg = AppStore|iPhone
		{A9C96736-DD09-41D2-B641-0EA7DB4E27CA}.AppStore|iPhone.Build.0 = AppStore|iPhone
		{A9C96736-DD09-41D2-B641-0EA7DB4E27CA}.AppStore|iPhoneSimulator.ActiveCfg = AppStore|iPhoneSimulator
		{A9C96736-DD09-41D2-B641-0EA7DB4E27CA}.AppStore|iPhoneSimulator.Build.0 = AppStore|iPhoneSimulator
		{A9C96736-DD09-41D2-B641-0EA7DB4E27CA}.AppStore|x64.ActiveCfg = AppStore|iPhone
		{A9C96736-DD09-41D2-B641-0EA7DB4E27CA}.AppStore|x86.ActiveCfg = AppStore|iPhone
		{A9C96736-DD09-41D2-B641-0EA7DB4E27CA}.Debug|Any CPU.ActiveCfg = Debug|iPhone
		{A9C96736-DD09-41D2-B641-0EA7DB4E27CA}.Debug|ARM.ActiveCfg = Debug|iPhone
		{A9C96736-DD09-41D2-B641-0EA7DB4E27CA}.Debug|iPhone.ActiveCfg = Debug|iPhone
		{A9C96736-DD09-41D2-B641-0EA7DB4E27CA}.Debug|iPhone.Build.0 = Debug|iPhone
		{A9C96736-DD09-41D2-B641-0EA7DB4E27CA}.Debug|iPhoneSimulator.ActiveCfg = Debug|iPhoneSimulator
		{A9C96736-DD09-41D2-B641-0EA7DB4E27CA}.Debug|iPhoneSimulator.Build.0 = Debug|iPhoneSimulator
		{A9C96736-DD09-41D2-B641-0EA7DB4E27CA}.Debug|x64.ActiveCfg = Debug|iPhone
		{A9C96736-DD09-41D2-B641-0EA7DB4E27CA}.Debug|x86.ActiveCfg = Debug|iPhone
		{A9C96736-DD09-41D2-B641-0EA7DB4E27CA}.Release|Any CPU.ActiveCfg = Release|iPhone
		{A9C96736-DD09-41D2-B641-0EA7DB4E27CA}.Release|ARM.ActiveCfg = Release|iPhone
		{A9C96736-DD09-41D2-B641-0EA7DB4E27CA}.Release|iPhone.ActiveCfg = Release|iPhone
		{A9C96736-DD09-41D2-B641-0EA7DB4E27CA}.Release|iPhone.Build.0 = Release|iPhone
		{A9C96736-DD09-41D2-B641-0EA7DB4E27CA}.Release|iPhoneSimulator.ActiveCfg = Release|iPhoneSimulator
		{A9C96736-DD09-41D2-B641-0EA7DB4E27CA}.Release|iPhoneSimulator.Build.0 = Release|iPhoneSimulator
		{A9C96736-DD09-41D2-B641-0EA7DB4E27CA}.Release|x64.ActiveCfg = Release|iPhone
		{A9C96736-DD09-41D2-B641-0EA7DB4E27CA}.Release|x86.ActiveCfg = Release|iPhone
		{5FAA12B1-DDFC-43D6-9623-B519D81D8FDF}.Ad-Hoc|Any CPU.ActiveCfg = Release|x86
		{5FAA12B1-DDFC-43D6-9623-B519D81D8FDF}.Ad-Hoc|Any CPU.Build.0 = Release|x86
		{5FAA12B1-DDFC-43D6-9623-B519D81D8FDF}.Ad-Hoc|Any CPU.Deploy.0 = Release|x86
		{5FAA12B1-DDFC-43D6-9623-B519D81D8FDF}.Ad-Hoc|ARM.ActiveCfg = Release|ARM
		{5FAA12B1-DDFC-43D6-9623-B519D81D8FDF}.Ad-Hoc|ARM.Build.0 = Release|ARM
		{5FAA12B1-DDFC-43D6-9623-B519D81D8FDF}.Ad-Hoc|ARM.Deploy.0 = Release|ARM
		{5FAA12B1-DDFC-43D6-9623-B519D81D8FDF}.Ad-Hoc|iPhone.ActiveCfg = Release|x86
		{5FAA12B1-DDFC-43D6-9623-B519D81D8FDF}.Ad-Hoc|iPhone.Build.0 = Release|x86
		{5FAA12B1-DDFC-43D6-9623-B519D81D8FDF}.Ad-Hoc|iPhone.Deploy.0 = Release|x86
		{5FAA12B1-DDFC-43D6-9623-B519D81D8FDF}.Ad-Hoc|iPhoneSimulator.ActiveCfg = Release|x86
		{5FAA12B1-DDFC-43D6-9623-B519D81D8FDF}.Ad-Hoc|iPhoneSimulator.Build.0 = Release|x86
		{5FAA12B1-DDFC-43D6-9623-B519D81D8FDF}.Ad-Hoc|iPhoneSimulator.Deploy.0 = Release|x86
		{5FAA12B1-DDFC-43D6-9623-B519D81D8FDF}.Ad-Hoc|x64.ActiveCfg = Release|x64
		{5FAA12B1-DDFC-43D6-9623-B519D81D8FDF}.Ad-Hoc|x64.Build.0 = Release|x64
		{5FAA12B1-DDFC-43D6-9623-B519D81D8FDF}.Ad-Hoc|x64.Deploy.0 = Release|x64
		{5FAA12B1-DDFC-43D6-9623-B519D81D8FDF}.Ad-Hoc|x86.ActiveCfg = Release|x86
		{5FAA12B1-DDFC-43D6-9623-B519D81D8FDF}.Ad-Hoc|x86.Build.0 = Release|x86
		{5FAA12B1-DDFC-43D6-9623-B519D81D8FDF}.Ad-Hoc|x86.Deploy.0 = Release|x86
		{5FAA12B1-DDFC-43D6-9623-B519D81D8FDF}.AppStore|Any CPU.ActiveCfg = Release|x86
		{5FAA12B1-DDFC-43D6-9623-B519D81D8FDF}.AppStore|Any CPU.Build.0 = Release|x86
		{5FAA12B1-DDFC-43D6-9623-B519D81D8FDF}.AppStore|Any CPU.Deploy.0 = Release|x86
		{5FAA12B1-DDFC-43D6-9623-B519D81D8FDF}.AppStore|ARM.ActiveCfg = Release|ARM
		{5FAA12B1-DDFC-43D6-9623-B519D81D8FDF}.AppStore|ARM.Build.0 = Release|ARM
		{5FAA12B1-DDFC-43D6-9623-B519D81D8FDF}.AppStore|ARM.Deploy.0 = Release|ARM
		{5FAA12B1-DDFC-43D6-9623-B519D81D8FDF}.AppStore|iPhone.ActiveCfg = Release|x86
		{5FAA12B1-DDFC-43D6-9623-B519D81D8FDF}.AppStore|iPhone.Build.0 = Release|x86
		{5FAA12B1-DDFC-43D6-9623-B519D81D8FDF}.AppStore|iPhone.Deploy.0 = Release|x86
		{5FAA12B1-DDFC-43D6-9623-B519D81D8FDF}.AppStore|iPhoneSimulator.ActiveCfg = Release|x86
		{5FAA12B1-DDFC-43D6-9623-B519D81D8FDF}.AppStore|iPhoneSimulator.Build.0 = Release|x86
		{5FAA12B1-DDFC-43D6-9623-B519D81D8FDF}.AppStore|iPhoneSimulator.Deploy.0 = Release|x86
		{5FAA12B1-DDFC-43D6-9623-B519D81D8FDF}.AppStore|x64.ActiveCfg = Release|x64
		{5FAA12B1-DDFC-43D6-9623-B519D81D8FDF}.AppStore|x64.Build.0 = Release|x64
		{5FAA12B1-DDFC-43D6-9623-B519D81D8FDF}.AppStore|x64.Deploy.0 = Release|x64
		{5FAA12B1-DDFC-43D6-9623-B519D81D8FDF}.AppStore|x86.ActiveCfg = Release|x86
		{5FAA12B1-DDFC-43D6-9623-B519D81D8FDF}.AppStore|x86.Build.0 = Release|x86
		{5FAA12B1-DDFC-43D6-9623-B519D81D8FDF}.AppStore|x86.Deploy.0 = Release|x86
		{5FAA12B1-DDFC-43D6-9623-B519D81D8FDF}.Debug|Any CPU.ActiveCfg = Debug|x86
		{5FAA12B1-DDFC-43D6-9623-B519D81D8FDF}.Debug|ARM.ActiveCfg = Debug|ARM
		{5FAA12B1-DDFC-43D6-9623-B519D81D8FDF}.Debug|ARM.Build.0 = Debug|ARM
		{5FAA12B1-DDFC-43D6-9623-B519D81D8FDF}.Debug|ARM.Deploy.0 = Debug|ARM
		{5FAA12B1-DDFC-43D6-9623-B519D81D8FDF}.Debug|iPhone.ActiveCfg = Debug|x86
		{5FAA12B1-DDFC-43D6-9623-B519D81D8FDF}.Debug|iPhoneSimulator.ActiveCfg = Debug|x86
		{5FAA12B1-DDFC-43D6-9623-B519D81D8FDF}.Debug|x64.ActiveCfg = Debug|x64
		{5FAA12B1-DDFC-43D6-9623-B519D81D8FDF}.Debug|x64.Build.0 = Debug|x64
		{5FAA12B1-DDFC-43D6-9623-B519D81D8FDF}.Debug|x64.Deploy.0 = Debug|x64
		{5FAA12B1-DDFC-43D6-9623-B519D81D8FDF}.Debug|x86.ActiveCfg = Debug|x86
		{5FAA12B1-DDFC-43D6-9623-B519D81D8FDF}.Debug|x86.Build.0 = Debug|x86
		{5FAA12B1-DDFC-43D6-9623-B519D81D8FDF}.Debug|x86.Deploy.0 = Debug|x86
		{5FAA12B1-DDFC-43D6-9623-B519D81D8FDF}.Release|Any CPU.ActiveCfg = Release|x86
		{5FAA12B1-DDFC-43D6-9623-B519D81D8FDF}.Release|ARM.ActiveCfg = Release|ARM
		{5FAA12B1-DDFC-43D6-9623-B519D81D8FDF}.Release|ARM.Build.0 = Release|ARM
		{5FAA12B1-DDFC-43D6-9623-B519D81D8FDF}.Release|ARM.Deploy.0 = Release|ARM
		{5FAA12B1-DDFC-43D6-9623-B519D81D8FDF}.Release|iPhone.ActiveCfg = Release|x86
		{5FAA12B1-DDFC-43D6-9623-B519D81D8FDF}.Release|iPhoneSimulator.ActiveCfg = Release|x86
		{5FAA12B1-DDFC-43D6-9623-B519D81D8FDF}.Release|x64.ActiveCfg = Release|x64
		{5FAA12B1-DDFC-43D6-9623-B519D81D8FDF}.Release|x64.Build.0 = Release|x64
		{5FAA12B1-DDFC-43D6-9623-B519D81D8FDF}.Release|x64.Deploy.0 = Release|x64
		{5FAA12B1-DDFC-43D6-9623-B519D81D8FDF}.Release|x86.ActiveCfg = Release|x86
		{5FAA12B1-DDFC-43D6-9623-B519D81D8FDF}.Release|x86.Build.0 = Release|x86
		{5FAA12B1-DDFC-43D6-9623-B519D81D8FDF}.Release|x86.Deploy.0 = Release|x86
		{7712288A-05EE-42B3-A1C2-151898F6F1CF}.Ad-Hoc|Any CPU.ActiveCfg = Debug|Any CPU
		{7712288A-05EE-42B3-A1C2-151898F6F1CF}.Ad-Hoc|Any CPU.Build.0 = Debug|Any CPU
		{7712288A-05EE-42B3-A1C2-151898F6F1CF}.Ad-Hoc|ARM.ActiveCfg = Debug|Any CPU
		{7712288A-05EE-42B3-A1C2-151898F6F1CF}.Ad-Hoc|ARM.Build.0 = Debug|Any CPU
		{7712288A-05EE-42B3-A1C2-151898F6F1CF}.Ad-Hoc|iPhone.ActiveCfg = Debug|Any CPU
		{7712288A-05EE-42B3-A1C2-151898F6F1CF}.Ad-Hoc|iPhone.Build.0 = Debug|Any CPU
		{7712288A-05EE-42B3-A1C2-151898F6F1CF}.Ad-Hoc|iPhoneSimulator.ActiveCfg = Debug|Any CPU
		{7712288A-05EE-42B3-A1C2-151898F6F1CF}.Ad-Hoc|iPhoneSimulator.Build.0 = Debug|Any CPU
		{7712288A-05EE-42B3-A1C2-151898F6F1CF}.Ad-Hoc|x64.ActiveCfg = Debug|Any CPU
		{7712288A-05EE-42B3-A1C2-151898F6F1CF}.Ad-Hoc|x64.Build.0 = Debug|Any CPU
		{7712288A-05EE-42B3-A1C2-151898F6F1CF}.Ad-Hoc|x86.ActiveCfg = Debug|Any CPU
		{7712288A-05EE-42B3-A1C2-151898F6F1CF}.Ad-Hoc|x86.Build.0 = Debug|Any CPU
		{7712288A-05EE-42B3-A1C2-151898F6F1CF}.AppStore|Any CPU.ActiveCfg = Debug|Any CPU
		{7712288A-05EE-42B3-A1C2-151898F6F1CF}.AppStore|Any CPU.Build.0 = Debug|Any CPU
		{7712288A-05EE-42B3-A1C2-151898F6F1CF}.AppStore|ARM.ActiveCfg = Debug|Any CPU
		{7712288A-05EE-42B3-A1C2-151898F6F1CF}.AppStore|ARM.Build.0 = Debug|Any CPU
		{7712288A-05EE-42B3-A1C2-151898F6F1CF}.AppStore|iPhone.ActiveCfg = Debug|Any CPU
		{7712288A-05EE-42B3-A1C2-151898F6F1CF}.AppStore|iPhone.Build.0 = Debug|Any CPU
		{7712288A-05EE-42B3-A1C2-151898F6F1CF}.AppStore|iPhoneSimulator.ActiveCfg = Debug|Any CPU
		{7712288A-05EE-42B3-A1C2-151898F6F1CF}.AppStore|iPhoneSimulator.Build.0 = Debug|Any CPU
		{7712288A-05EE-42B3-A1C2-151898F6F1CF}.AppStore|x64.ActiveCfg = Debug|Any CPU
		{7712288A-05EE-42B3-A1C2-151898F6F1CF}.AppStore|x64.Build.0 = Debug|Any CPU
		{7712288A-05EE-42B3-A1C2-151898F6F1CF}.AppStore|x86.ActiveCfg = Debug|Any CPU
		{7712288A-05EE-42B3-A1C2-151898F6F1CF}.AppStore|x86.Build.0 = Debug|Any CPU
		{7712288A-05EE-42B3-A1C2-151898F6F1CF}.Debug|Any CPU.ActiveCfg = Debug|Any CPU
		{7712288A-05EE-42B3-A1C2-151898F6F1CF}.Debug|Any CPU.Build.0 = Debug|Any CPU
		{7712288A-05EE-42B3-A1C2-151898F6F1CF}.Debug|ARM.ActiveCfg = Debug|Any CPU
		{7712288A-05EE-42B3-A1C2-151898F6F1CF}.Debug|ARM.Build.0 = Debug|Any CPU
		{7712288A-05EE-42B3-A1C2-151898F6F1CF}.Debug|iPhone.ActiveCfg = Debug|Any CPU
		{7712288A-05EE-42B3-A1C2-151898F6F1CF}.Debug|iPhone.Build.0 = Debug|Any CPU
		{7712288A-05EE-42B3-A1C2-151898F6F1CF}.Debug|iPhoneSimulator.ActiveCfg = Debug|Any CPU
		{7712288A-05EE-42B3-A1C2-151898F6F1CF}.Debug|iPhoneSimulator.Build.0 = Debug|Any CPU
		{7712288A-05EE-42B3-A1C2-151898F6F1CF}.Debug|x64.ActiveCfg = Debug|Any CPU
		{7712288A-05EE-42B3-A1C2-151898F6F1CF}.Debug|x64.Build.0 = Debug|Any CPU
		{7712288A-05EE-42B3-A1C2-151898F6F1CF}.Debug|x86.ActiveCfg = Debug|Any CPU
		{7712288A-05EE-42B3-A1C2-151898F6F1CF}.Debug|x86.Build.0 = Debug|Any CPU
		{7712288A-05EE-42B3-A1C2-151898F6F1CF}.Release|Any CPU.ActiveCfg = Release|Any CPU
		{7712288A-05EE-42B3-A1C2-151898F6F1CF}.Release|Any CPU.Build.0 = Release|Any CPU
		{7712288A-05EE-42B3-A1C2-151898F6F1CF}.Release|ARM.ActiveCfg = Release|Any CPU
		{7712288A-05EE-42B3-A1C2-151898F6F1CF}.Release|ARM.Build.0 = Release|Any CPU
		{7712288A-05EE-42B3-A1C2-151898F6F1CF}.Release|iPhone.ActiveCfg = Release|Any CPU
		{7712288A-05EE-42B3-A1C2-151898F6F1CF}.Release|iPhone.Build.0 = Release|Any CPU
		{7712288A-05EE-42B3-A1C2-151898F6F1CF}.Release|iPhoneSimulator.ActiveCfg = Release|Any CPU
		{7712288A-05EE-42B3-A1C2-151898F6F1CF}.Release|iPhoneSimulator.Build.0 = Release|Any CPU
		{7712288A-05EE-42B3-A1C2-151898F6F1CF}.Release|x64.ActiveCfg = Release|Any CPU
		{7712288A-05EE-42B3-A1C2-151898F6F1CF}.Release|x64.Build.0 = Release|Any CPU
		{7712288A-05EE-42B3-A1C2-151898F6F1CF}.Release|x86.ActiveCfg = Release|Any CPU
		{7712288A-05EE-42B3-A1C2-151898F6F1CF}.Release|x86.Build.0 = Release|Any CPU
	EndGlobalSection
	GlobalSection(SolutionProperties) = preSolution
		HideSolutionNode = FALSE
	EndGlobalSection
	GlobalSection(ExtensibilityGlobals) = postSolution
		SolutionGuid = {6A159934-8D31-46A8-AF4A-D7D661D06EB6}
	EndGlobalSection
EndGlobal
